github.com/MajotraderLucky/MarketRepository v0.0.0-20230424114542-0940433567ef h1:a+3cOlLVGhlzgRX8mRD9Op+MtJzPkFqzVbUeH99B6qo=
github.com/MajotraderLucky/MarketRepository v0.0.0-20230424114542-0940433567ef/go.mod h1:pzrbNAzTHOCXZvOP0GlSbtpwuZOVaUx4SAWokdotQO8=
github.com/MajotraderLucky/MarketRepository v0.0.0-20230424120923-6cb4a447ebe8 h1:YorVGxkyX60RoUd6dO2qOkWELfk3o2oeRp3K0gs20lw=
github.com/MajotraderLucky/MarketRepository v0.0.0-20230424120923-6cb4a447ebe8/go.mod h1:pzrbNAzTHOCXZvOP0GlSbtpwuZOVaUx4SAWokdotQO8=
github.com/MajotraderLucky/MarketRepository v0.0.0-20230424123545-1736e309642e h1:fOHJzn2zkrJSf+IkC2UOcCqlhg81KSC14Kzzvx+w4zg=
github.com/MajotraderLucky/MarketRepository v0.0.0-20230424123545-1736e309642e/go.mod h1:pzrbNAzTHOCXZvOP0GlSbtpwuZOVaUx4SAWokdotQO8=
github.com/MajotraderLucky/MarketRepository v0.0.0-20230424125340-5dbec587c5b1 h1:Gv5IbMcoN7HJ3HRM07Yh/vSaVhq53iZAYUrmPpmDHTo=
github.com/MajotraderLucky/MarketRepository v0.0.0-20230424125340-5dbec587c5b1/go.mod h1:pzrbNAzTHOCXZvOP0GlSbtpwuZOVaUx4SAWokdotQO8=
github.com/MajotraderLucky/MarketRepository v0.0.0-20230424132359-f0b86b4ce135 h1:w1p/cahaS0z6MzBlcbiBQha9S4IKvxgG9DyE6ewrPgw=
github.com/MajotraderLucky/MarketRepository v0.0.0-20230424132359-f0b86b4ce135/go.mod h1:pzrbNAzTHOCXZvOP0GlSbtpwuZOVaUx4SAWokdotQO8=
github.com/MajotraderLucky/MarketRepository v0.0.0-20230424170755-10a1d07eb62b h1:QcZvGA4d8LdSH12F70KDfeuzOPc0hoLqlmC4C56Akt8=
github.com/MajotraderLucky/MarketRepository v0.0.0-20230424170755-10a1d07eb62b/go.mod h1:pzrbNAzTHOCXZvOP0GlSbtpwuZOVaUx4SAWokdotQO8=
github.com/MajotraderLucky/MarketRepository v0.0.0-20230424172117-dfaefe626a81 h1:ytrVIpl1BQAmFf2Utxl/HEVyQ9PR/SdRjMNX/suIsaI=
github.com/MajotraderLucky/MarketRepository v0.0.0-20230424172117-dfaefe626a81/go.mod h1:pzrbNAzTHOCXZvOP0GlSbtpwuZOVaUx4SAWokdotQO8=
github.com/MajotraderLucky/MarketRepository v0.0.0-20230425230627-e7848491a6cc h1:YsnTUHblQRCjnAlLAQUuVnXeD02YKhpRfuoCTq7Nf9c=
github.com/MajotraderLucky/MarketRepository v0.0.0-20230425230627-e7848491a6cc/go.mod h1:pzrbNAzTHOCXZvOP0GlSbtpwuZOVaUx4SAWokdotQO8=
github.com/MajotraderLucky/MarketRepository v0.0.0-20230426025843-ff95229b76bd h1:5xattfXTKWV0cWygqtsUSN/4y8QeUGUFeQN0bDu4PlQ=
github.com/MajotraderLucky/MarketRepository v0.0.0-20230426025843-ff95229b76bd/go.mod h1:pzrbNAzTHOCXZvOP0GlSbtpwuZOVaUx4SAWokdotQO8=
github.com/MajotraderLucky/MarketRepository v0.0.0-20230426232645-aa1c2f360597 h1:lMsOaU5OIm/2IBET/6XrrrrAwbf2J/QPAdppLY426m4=
github.com/MajotraderLucky/MarketRepository v0.0.0-20230426232645-aa1c2f360597/go.mod h1:pzrbNAzTHOCXZvOP0GlSbtpwuZOVaUx4SAWokdotQO8=
github.com/MajotraderLucky/MarketRepository v0.0.0-20230426233808-98e3db8ede6d h1:RdwLtoAqeGXopXo5smf9bO9A86tU/iCgPTWWfjxwdaE=
github.com/MajotraderLucky/MarketRepository v0.0.0-20230426233808-98e3db8ede6d/go.mod h1:pzrbNAzTHOCXZvOP0GlSbtpwuZOVaUx4SAWokdotQO8=
github.com/MajotraderLucky/MarketRepository v0.0.0-20230427000349-7316aa73343a h1:yLKz8jaSElkP2ZQUJsdprPJ1fUL1k15uDbxGnYifnsY=
github.com/MajotraderLucky/MarketRepository v0.0.0-20230427000349-7316aa73343a/go.mod h1:pzrbNAzTHOCXZvOP0GlSbtpwuZOVaUx4SAWokdotQO8=
github.com/MajotraderLucky/MarketRepository v0.0.0-20230427004257-e31a76a14f66 h1:HVLfYVbWZ4gE9PNgDXy7HsBx+DfciAZQp4jZVBTNBCE=
github.com/MajotraderLucky/MarketRepository v0.0.0-20230427004257-e31a76a14f66/go.mod h1:pzrbNAzTHOCXZvOP0GlSbtpwuZOVaUx4SAWokdotQO8=
github.com/MajotraderLucky/MarketRepository v0.0.0-20230427004833-88e11c6c81d6 h1:IduEDJ+p6CfXBUynNz63846miPlhuw8/RFPRZ9jrLiw=
github.com/MajotraderLucky/MarketRepository v0.0.0-20230427004833-88e11c6c81d6/go.mod h1:pzrbNAzTHOCXZvOP0GlSbtpwuZOVaUx4SAWokdotQO8=
github.com/MajotraderLucky/MarketRepository v0.0.0-20230427012455-42714f28c052 h1:VWzP7CGSGp8ClNq9Fw5Y2Zw0b0twR062RVPrl3eoEDk=
github.com/MajotraderLucky/MarketRepository v0.0.0-20230427012455-42714f28c052/go.mod h1:pzrbNAzTHOCXZvOP0GlSbtpwuZOVaUx4SAWokdotQO8=
github.com/MajotraderLucky/MarketRepository v0.0.0-20230427012833-bd8bfeddd556 h1:JD+AWNsQmxkx/flFc2XGyxSxOUqJACJJNf4H/oGSTF0=
github.com/MajotraderLucky/MarketRepository v0.0.0-20230427012833-bd8bfeddd556/go.mod h1:pzrbNAzTHOCXZvOP0GlSbtpwuZOVaUx4SAWokdotQO8=
github.com/MajotraderLucky/MarketRepository v0.0.0-20230427014058-dc85e5f014b7 h1:46dR0YVP0PFlTHuxOm3SE26JsqhbZHw1tPfSBvGxoDI=
github.com/MajotraderLucky/MarketRepository v0.0.0-20230427014058-dc85e5f014b7/go.mod h1:pzrbNAzTHOCXZvOP0GlSbtpwuZOVaUx4SAWokdotQO8=
github.com/MajotraderLucky/MarketRepository v0.0.0-20230427015432-c11fb220af38 h1:2X3DcCcWGwQLM2wlv+nu6+eX6M8t810cZ7i7E9K191w=
github.com/MajotraderLucky/MarketRepository v0.0.0-20230427015432-c11fb220af38/go.mod h1:pzrbNAzTHOCXZvOP0GlSbtpwuZOVaUx4SAWokdotQO8=
github.com/MajotraderLucky/MarketRepository v0.0.0-20230427033003-3a59ba875594 h1:DIkRuBAgx8ak+zJFJv9bOksG+QUR7B75NkKlU9WK3oY=
github.com/MajotraderLucky/MarketRepository v0.0.0-20230427033003-3a59ba875594/go.mod h1:pzrbNAzTHOCXZvOP0GlSbtpwuZOVaUx4SAWokdotQO8=
github.com/MajotraderLucky/MarketRepository v0.0.0-20230427033506-d725b99f2329 h1:W0RSJvXcyDGNp5bnw1rP++EF3AXey86XebcK+czRNCA=
github.com/MajotraderLucky/MarketRepository v0.0.0-20230427033506-d725b99f2329/go.mod h1:pzrbNAzTHOCXZvOP0GlSbtpwuZOVaUx4SAWokdotQO8=
github.com/MajotraderLucky/MarketRepository v0.0.0-20230520030718-db47430b30bb h1:roWVrzCPN8rAiGUqZPCMM4pEzr6ixMT9iU3YK647Rc4=
github.com/MajotraderLucky/MarketRepository v0.0.0-20230520030718-db47430b30bb/go.mod h1:pzrbNAzTHOCXZvOP0GlSbtpwuZOVaUx4SAWokdotQO8=
github.com/MajotraderLucky/MarketRepository v0.0.0-20230520033851-9660d44c877a h1:JTOVdHjSTuvOphNIHkWRnuQinyFbTx1dwCC0/6Ec59g=
github.com/MajotraderLucky/MarketRepository v0.0.0-20230520033851-9660d44c877a/go.mod h1:pzrbNAzTHOCXZvOP0GlSbtpwuZOVaUx4SAWokdotQO8=
github.com/MajotraderLucky/MarketRepository v0.0.0-20230520045138-3cc7ad18658e h1:9+GWQxn0aVeySXGSmBczQGojcbGz7u1gsQfPXIxzpyg=
github.com/MajotraderLucky/MarketRepository v0.0.0-20230520045138-3cc7ad18658e/go.mod h1:pzrbNAzTHOCXZvOP0GlSbtpwuZOVaUx4SAWokdotQO8=
github.com/adshao/go-binance/v2 v2.4.2 h1:NBNMUyXrci45v3sr0RkZosiBYSw1/yuqCrJNkyEM8U0=
github.com/adshao/go-binance/v2 v2.4.2/go.mod h1:41Up2dG4NfMXpCldrDPETEtiOq+pHoGsFZ73xGgaumo=
github.com/bitly/go-simplejson v0.5.0 h1:6IH+V8/tVMab511d5bn4M7EwGXZf9Hj6i2xSwkNEM+Y=
github.com/bitly/go-simplejson v0.5.0/go.mod h1:cXHtHw4XUPsvGaxgjIAn8PhEWG9NfngEKAMDJEczWVA=
github.com/davecgh/go-spew v1.1.0/go.mod h1:J7Y8YcW2NihsgmVo/mv3lAwl/skON4iLHjSsI+c5H38=
github.com/davecgh/go-spew v1.1.1/go.mod h1:J7Y8YcW2NihsgmVo/mv3lAwl/skON4iLHjSsI+c5H38=
github.com/google/gofuzz v1.0.0/go.mod h1:dBl0BpW6vV/+mYPU4Po3pmUjxk6FQPldtuIdl/M65Eg=
github.com/gorilla/websocket v1.5.0 h1:PPwGk2jz7EePpoHN/+ClbZu8SPxiqlu12wZP/3sWmnc=
github.com/gorilla/websocket v1.5.0/go.mod h1:YR8l580nyteQvAITg2hZ9XVh4b55+EU/adAjf1fMHhE=
github.com/joho/godotenv v1.5.1 h1:7eLL/+HRGLY0ldzfGMeQkb7vMd0as4CfYvUVzLqw0N0=
github.com/joho/godotenv v1.5.1/go.mod h1:f4LDr5Voq0i2e/R5DDNOoa2zzDfwtkZa6DnEwAbqwq4=
github.com/json-iterator/go v1.1.12 h1:PV8peI4a0ysnczrg+LtxykD8LfKY9ML6u2jnxaEnrnM=
github.com/json-iterator/go v1.1.12/go.mod h1:e30LSqwooZae/UwlEbR2852Gd8hjQvJoHmT4TnhNGBo=
github.com/modern-go/concurrent v0.0.0-20180228061459-e0a39a4cb421 h1:ZqeYNhU3OHLH3mGKHDcjJRFFRrJa6eAM5H+CtDdOsPc=
github.com/modern-go/concurrent v0.0.0-20180228061459-e0a39a4cb421/go.mod h1:6dJC0mAP4ikYIbvyc7fijjWJddQyLn8Ig3JB5CqoB9Q=
github.com/modern-go/reflect2 v1.0.2 h1:xBagoLtFs94CBntxluKeaWgTMpvLxC4ur3nMaC9Gz0M=
github.com/modern-go/reflect2 v1.0.2/go.mod h1:yWuevngMOJpCy52FWWMvUC8ws7m/LJsjYzDa0/r8luk=
github.com/pmezard/go-difflib v1.0.0/go.mod h1:iKH77koFhYxTK1pcRnkKkqfTogsbg7gZNVY4sRDYZ/4=
github.com/stretchr/objx v0.1.0/go.mod h1:HFkY916IF+rwdDfMAkV7OtwuqBVzrE8GR6GFx+wExME=
github.com/stretchr/testify v1.3.0/go.mod h1:M5WIy9Dh21IEIfnGCwXGc5bZfKNJtfHm1UVUgZn+9EI=
